
Microsoft Visual Studio Solution File, Format Version 12.00
# Visual Studio 15
VisualStudioVersion = 15.0.26124.0
MinimumVisualStudioVersion = 15.0.26124.0
Project("{F2A71F9B-5D33-465A-A702-920D77279786}") = "tests", "tests\tests.fsproj", "{1AC81F00-59B2-49D9-968D-4532AFA67657}"
EndProject
Project("{F2A71F9B-5D33-465A-A702-920D77279786}") = "Fss", "fss\Fss.fsproj", "{A4AD8879-B995-4D9A-851E-A6E59829C89A}"
EndProject
Project("{F2A71F9B-5D33-465A-A702-920D77279786}") = "App", "docs\App.fsproj", "{35435E48-AE57-46EE-8729-12D96F418675}"
EndProject
Project("{F2A71F9B-5D33-465A-A702-920D77279786}") = "FssFeliz", "FssFeliz\FssFeliz.fsproj", "{406A5BA1-F65D-4FFD-AD75-AA0D0DCCE7C1}"
EndProject
Project("{F2A71F9B-5D33-465A-A702-920D77279786}") = "Sample", "Sample\Sample.fsproj", "{0E04A60E-144A-4C81-B30B-C76B7C76C1AE}"
EndProject
Global
	GlobalSection(SolutionConfigurationPlatforms) = preSolution
		Debug|Any CPU = Debug|Any CPU
		Debug|x64 = Debug|x64
		Debug|x86 = Debug|x86
		Release|Any CPU = Release|Any CPU
		Release|x64 = Release|x64
		Release|x86 = Release|x86
	EndGlobalSection
	GlobalSection(SolutionProperties) = preSolution
		HideSolutionNode = FALSE
	EndGlobalSection
	GlobalSection(ProjectConfigurationPlatforms) = postSolution
		{1AC81F00-59B2-49D9-968D-4532AFA67657}.Debug|Any CPU.ActiveCfg = Debug|Any CPU
		{1AC81F00-59B2-49D9-968D-4532AFA67657}.Debug|Any CPU.Build.0 = Debug|Any CPU
		{1AC81F00-59B2-49D9-968D-4532AFA67657}.Debug|x64.ActiveCfg = Debug|Any CPU
		{1AC81F00-59B2-49D9-968D-4532AFA67657}.Debug|x64.Build.0 = Debug|Any CPU
		{1AC81F00-59B2-49D9-968D-4532AFA67657}.Debug|x86.ActiveCfg = Debug|Any CPU
		{1AC81F00-59B2-49D9-968D-4532AFA67657}.Debug|x86.Build.0 = Debug|Any CPU
		{1AC81F00-59B2-49D9-968D-4532AFA67657}.Release|Any CPU.ActiveCfg = Release|Any CPU
		{1AC81F00-59B2-49D9-968D-4532AFA67657}.Release|Any CPU.Build.0 = Release|Any CPU
		{1AC81F00-59B2-49D9-968D-4532AFA67657}.Release|x64.ActiveCfg = Release|Any CPU
		{1AC81F00-59B2-49D9-968D-4532AFA67657}.Release|x64.Build.0 = Release|Any CPU
		{1AC81F00-59B2-49D9-968D-4532AFA67657}.Release|x86.ActiveCfg = Release|Any CPU
		{1AC81F00-59B2-49D9-968D-4532AFA67657}.Release|x86.Build.0 = Release|Any CPU
		{A4AD8879-B995-4D9A-851E-A6E59829C89A}.Debug|Any CPU.ActiveCfg = Debug|Any CPU
		{A4AD8879-B995-4D9A-851E-A6E59829C89A}.Debug|Any CPU.Build.0 = Debug|Any CPU
		{A4AD8879-B995-4D9A-851E-A6E59829C89A}.Debug|x64.ActiveCfg = Debug|Any CPU
		{A4AD8879-B995-4D9A-851E-A6E59829C89A}.Debug|x64.Build.0 = Debug|Any CPU
		{A4AD8879-B995-4D9A-851E-A6E59829C89A}.Debug|x86.ActiveCfg = Debug|Any CPU
		{A4AD8879-B995-4D9A-851E-A6E59829C89A}.Debug|x86.Build.0 = Debug|Any CPU
		{A4AD8879-B995-4D9A-851E-A6E59829C89A}.Release|Any CPU.ActiveCfg = Release|Any CPU
		{A4AD8879-B995-4D9A-851E-A6E59829C89A}.Release|Any CPU.Build.0 = Release|Any CPU
		{A4AD8879-B995-4D9A-851E-A6E59829C89A}.Release|x64.ActiveCfg = Release|Any CPU
		{A4AD8879-B995-4D9A-851E-A6E59829C89A}.Release|x64.Build.0 = Release|Any CPU
		{A4AD8879-B995-4D9A-851E-A6E59829C89A}.Release|x86.ActiveCfg = Release|Any CPU
		{A4AD8879-B995-4D9A-851E-A6E59829C89A}.Release|x86.Build.0 = Release|Any CPU
		{35435E48-AE57-46EE-8729-12D96F418675}.Debug|Any CPU.ActiveCfg = Debug|Any CPU
		{35435E48-AE57-46EE-8729-12D96F418675}.Debug|Any CPU.Build.0 = Debug|Any CPU
		{35435E48-AE57-46EE-8729-12D96F418675}.Debug|x64.ActiveCfg = Debug|Any CPU
		{35435E48-AE57-46EE-8729-12D96F418675}.Debug|x64.Build.0 = Debug|Any CPU
		{35435E48-AE57-46EE-8729-12D96F418675}.Debug|x86.ActiveCfg = Debug|Any CPU
		{35435E48-AE57-46EE-8729-12D96F418675}.Debug|x86.Build.0 = Debug|Any CPU
		{35435E48-AE57-46EE-8729-12D96F418675}.Release|Any CPU.ActiveCfg = Release|Any CPU
		{35435E48-AE57-46EE-8729-12D96F418675}.Release|Any CPU.Build.0 = Release|Any CPU
		{35435E48-AE57-46EE-8729-12D96F418675}.Release|x64.ActiveCfg = Release|Any CPU
		{35435E48-AE57-46EE-8729-12D96F418675}.Release|x64.Build.0 = Release|Any CPU
		{35435E48-AE57-46EE-8729-12D96F418675}.Release|x86.ActiveCfg = Release|Any CPU
		{35435E48-AE57-46EE-8729-12D96F418675}.Release|x86.Build.0 = Release|Any CPU
		{406A5BA1-F65D-4FFD-AD75-AA0D0DCCE7C1}.Debug|Any CPU.ActiveCfg = Debug|Any CPU
		{406A5BA1-F65D-4FFD-AD75-AA0D0DCCE7C1}.Debug|Any CPU.Build.0 = Debug|Any CPU
		{406A5BA1-F65D-4FFD-AD75-AA0D0DCCE7C1}.Debug|x64.ActiveCfg = Debug|Any CPU
		{406A5BA1-F65D-4FFD-AD75-AA0D0DCCE7C1}.Debug|x64.Build.0 = Debug|Any CPU
		{406A5BA1-F65D-4FFD-AD75-AA0D0DCCE7C1}.Debug|x86.ActiveCfg = Debug|Any CPU
		{406A5BA1-F65D-4FFD-AD75-AA0D0DCCE7C1}.Debug|x86.Build.0 = Debug|Any CPU
		{406A5BA1-F65D-4FFD-AD75-AA0D0DCCE7C1}.Release|Any CPU.ActiveCfg = Release|Any CPU
		{406A5BA1-F65D-4FFD-AD75-AA0D0DCCE7C1}.Release|Any CPU.Build.0 = Release|Any CPU
		{406A5BA1-F65D-4FFD-AD75-AA0D0DCCE7C1}.Release|x64.ActiveCfg = Release|Any CPU
		{406A5BA1-F65D-4FFD-AD75-AA0D0DCCE7C1}.Release|x64.Build.0 = Release|Any CPU
		{406A5BA1-F65D-4FFD-AD75-AA0D0DCCE7C1}.Release|x86.ActiveCfg = Release|Any CPU
		{406A5BA1-F65D-4FFD-AD75-AA0D0DCCE7C1}.Release|x86.Build.0 = Release|Any CPU
		{0E04A60E-144A-4C81-B30B-C76B7C76C1AE}.Debug|Any CPU.ActiveCfg = Debug|Any CPU
		{0E04A60E-144A-4C81-B30B-C76B7C76C1AE}.Debug|Any CPU.Build.0 = Debug|Any CPU
		{0E04A60E-144A-4C81-B30B-C76B7C76C1AE}.Debug|x64.ActiveCfg = Debug|Any CPU
		{0E04A60E-144A-4C81-B30B-C76B7C76C1AE}.Debug|x64.Build.0 = Debug|Any CPU
		{0E04A60E-144A-4C81-B30B-C76B7C76C1AE}.Debug|x86.ActiveCfg = Debug|Any CPU
		{0E04A60E-144A-4C81-B30B-C76B7C76C1AE}.Debug|x86.Build.0 = Debug|Any CPU
		{0E04A60E-144A-4C81-B30B-C76B7C76C1AE}.Release|Any CPU.ActiveCfg = Release|Any CPU
		{0E04A60E-144A-4C81-B30B-C76B7C76C1AE}.Release|Any CPU.Build.0 = Release|Any CPU
		{0E04A60E-144A-4C81-B30B-C76B7C76C1AE}.Release|x64.ActiveCfg = Release|Any CPU
		{0E04A60E-144A-4C81-B30B-C76B7C76C1AE}.Release|x64.Build.0 = Release|Any CPU
		{0E04A60E-144A-4C81-B30B-C76B7C76C1AE}.Release|x86.ActiveCfg = Release|Any CPU
		{0E04A60E-144A-4C81-B30B-C76B7C76C1AE}.Release|x86.Build.0 = Release|Any CPU
	EndGlobalSection
EndGlobal
