
Microsoft Visual Studio Solution File, Format Version 12.00
# Visual Studio 15
VisualStudioVersion = 15.0.26124.0
MinimumVisualStudioVersion = 15.0.26124.0
Project("{F2A71F9B-5D33-465A-A702-920D77279786}") = "Tests", "Tests\Tests.fsproj", "{1AC81F00-59B2-49D9-968D-4532AFA67657}"
EndProject
Project("{F2A71F9B-5D33-465A-A702-920D77279786}") = "Fss.Feliz", "Fss.Feliz\Fss.Feliz.fsproj", "{406A5BA1-F65D-4FFD-AD75-AA0D0DCCE7C1}"
EndProject
Project("{F2A71F9B-5D33-465A-A702-920D77279786}") = "Fss.Fable", "Fss.Fable\Fss.Fable.fsproj", "{F88AD983-4E04-4F48-B68F-34E37B528FC2}"
EndProject
Project("{F2A71F9B-5D33-465A-A702-920D77279786}") = "Fss.Engine", "Fss.Engine\Fss.Engine.fsproj", "{1301D3C2-CB37-4BDA-8359-7A5A1124BD53}"
EndProject
Project("{F2A71F9B-5D33-465A-A702-920D77279786}") = "Docs", "Docs\Docs.fsproj", "{6DA064D0-A366-4D2C-9621-BDF40DD42F6E}"
EndProject
Global
	GlobalSection(SolutionConfigurationPlatforms) = preSolution
		Debug|Any CPU = Debug|Any CPU
		Debug|x64 = Debug|x64
		Debug|x86 = Debug|x86
		Release|Any CPU = Release|Any CPU
		Release|x64 = Release|x64
		Release|x86 = Release|x86
	EndGlobalSection
	GlobalSection(SolutionProperties) = preSolution
		HideSolutionNode = FALSE
	EndGlobalSection
	GlobalSection(ProjectConfigurationPlatforms) = postSolution
		{1AC81F00-59B2-49D9-968D-4532AFA67657}.Debug|Any CPU.ActiveCfg = Debug|Any CPU
		{1AC81F00-59B2-49D9-968D-4532AFA67657}.Debug|Any CPU.Build.0 = Debug|Any CPU
		{1AC81F00-59B2-49D9-968D-4532AFA67657}.Debug|x64.ActiveCfg = Debug|Any CPU
		{1AC81F00-59B2-49D9-968D-4532AFA67657}.Debug|x64.Build.0 = Debug|Any CPU
		{1AC81F00-59B2-49D9-968D-4532AFA67657}.Debug|x86.ActiveCfg = Debug|Any CPU
		{1AC81F00-59B2-49D9-968D-4532AFA67657}.Debug|x86.Build.0 = Debug|Any CPU
		{1AC81F00-59B2-49D9-968D-4532AFA67657}.Release|Any CPU.ActiveCfg = Release|Any CPU
		{1AC81F00-59B2-49D9-968D-4532AFA67657}.Release|Any CPU.Build.0 = Release|Any CPU
		{1AC81F00-59B2-49D9-968D-4532AFA67657}.Release|x64.ActiveCfg = Release|Any CPU
		{1AC81F00-59B2-49D9-968D-4532AFA67657}.Release|x64.Build.0 = Release|Any CPU
		{1AC81F00-59B2-49D9-968D-4532AFA67657}.Release|x86.ActiveCfg = Release|Any CPU
		{1AC81F00-59B2-49D9-968D-4532AFA67657}.Release|x86.Build.0 = Release|Any CPU
		{406A5BA1-F65D-4FFD-AD75-AA0D0DCCE7C1}.Debug|Any CPU.ActiveCfg = Debug|Any CPU
		{406A5BA1-F65D-4FFD-AD75-AA0D0DCCE7C1}.Debug|Any CPU.Build.0 = Debug|Any CPU
		{406A5BA1-F65D-4FFD-AD75-AA0D0DCCE7C1}.Debug|x64.ActiveCfg = Debug|Any CPU
		{406A5BA1-F65D-4FFD-AD75-AA0D0DCCE7C1}.Debug|x64.Build.0 = Debug|Any CPU
		{406A5BA1-F65D-4FFD-AD75-AA0D0DCCE7C1}.Debug|x86.ActiveCfg = Debug|Any CPU
		{406A5BA1-F65D-4FFD-AD75-AA0D0DCCE7C1}.Debug|x86.Build.0 = Debug|Any CPU
		{406A5BA1-F65D-4FFD-AD75-AA0D0DCCE7C1}.Release|Any CPU.ActiveCfg = Release|Any CPU
		{406A5BA1-F65D-4FFD-AD75-AA0D0DCCE7C1}.Release|Any CPU.Build.0 = Release|Any CPU
		{406A5BA1-F65D-4FFD-AD75-AA0D0DCCE7C1}.Release|x64.ActiveCfg = Release|Any CPU
		{406A5BA1-F65D-4FFD-AD75-AA0D0DCCE7C1}.Release|x64.Build.0 = Release|Any CPU
		{406A5BA1-F65D-4FFD-AD75-AA0D0DCCE7C1}.Release|x86.ActiveCfg = Release|Any CPU
		{406A5BA1-F65D-4FFD-AD75-AA0D0DCCE7C1}.Release|x86.Build.0 = Release|Any CPU
		{F88AD983-4E04-4F48-B68F-34E37B528FC2}.Debug|Any CPU.ActiveCfg = Debug|Any CPU
		{F88AD983-4E04-4F48-B68F-34E37B528FC2}.Debug|Any CPU.Build.0 = Debug|Any CPU
		{F88AD983-4E04-4F48-B68F-34E37B528FC2}.Debug|x64.ActiveCfg = Debug|Any CPU
		{F88AD983-4E04-4F48-B68F-34E37B528FC2}.Debug|x64.Build.0 = Debug|Any CPU
		{F88AD983-4E04-4F48-B68F-34E37B528FC2}.Debug|x86.ActiveCfg = Debug|Any CPU
		{F88AD983-4E04-4F48-B68F-34E37B528FC2}.Debug|x86.Build.0 = Debug|Any CPU
		{F88AD983-4E04-4F48-B68F-34E37B528FC2}.Release|Any CPU.ActiveCfg = Release|Any CPU
		{F88AD983-4E04-4F48-B68F-34E37B528FC2}.Release|Any CPU.Build.0 = Release|Any CPU
		{F88AD983-4E04-4F48-B68F-34E37B528FC2}.Release|x64.ActiveCfg = Release|Any CPU
		{F88AD983-4E04-4F48-B68F-34E37B528FC2}.Release|x64.Build.0 = Release|Any CPU
		{F88AD983-4E04-4F48-B68F-34E37B528FC2}.Release|x86.ActiveCfg = Release|Any CPU
		{F88AD983-4E04-4F48-B68F-34E37B528FC2}.Release|x86.Build.0 = Release|Any CPU
		{1301D3C2-CB37-4BDA-8359-7A5A1124BD53}.Debug|Any CPU.ActiveCfg = Debug|Any CPU
		{1301D3C2-CB37-4BDA-8359-7A5A1124BD53}.Debug|Any CPU.Build.0 = Debug|Any CPU
		{1301D3C2-CB37-4BDA-8359-7A5A1124BD53}.Debug|x64.ActiveCfg = Debug|Any CPU
		{1301D3C2-CB37-4BDA-8359-7A5A1124BD53}.Debug|x64.Build.0 = Debug|Any CPU
		{1301D3C2-CB37-4BDA-8359-7A5A1124BD53}.Debug|x86.ActiveCfg = Debug|Any CPU
		{1301D3C2-CB37-4BDA-8359-7A5A1124BD53}.Debug|x86.Build.0 = Debug|Any CPU
		{1301D3C2-CB37-4BDA-8359-7A5A1124BD53}.Release|Any CPU.ActiveCfg = Release|Any CPU
		{1301D3C2-CB37-4BDA-8359-7A5A1124BD53}.Release|Any CPU.Build.0 = Release|Any CPU
		{1301D3C2-CB37-4BDA-8359-7A5A1124BD53}.Release|x64.ActiveCfg = Release|Any CPU
		{1301D3C2-CB37-4BDA-8359-7A5A1124BD53}.Release|x64.Build.0 = Release|Any CPU
		{1301D3C2-CB37-4BDA-8359-7A5A1124BD53}.Release|x86.ActiveCfg = Release|Any CPU
		{1301D3C2-CB37-4BDA-8359-7A5A1124BD53}.Release|x86.Build.0 = Release|Any CPU
		{6DA064D0-A366-4D2C-9621-BDF40DD42F6E}.Debug|Any CPU.ActiveCfg = Debug|Any CPU
		{6DA064D0-A366-4D2C-9621-BDF40DD42F6E}.Debug|Any CPU.Build.0 = Debug|Any CPU
		{6DA064D0-A366-4D2C-9621-BDF40DD42F6E}.Debug|x64.ActiveCfg = Debug|Any CPU
		{6DA064D0-A366-4D2C-9621-BDF40DD42F6E}.Debug|x64.Build.0 = Debug|Any CPU
		{6DA064D0-A366-4D2C-9621-BDF40DD42F6E}.Debug|x86.ActiveCfg = Debug|Any CPU
		{6DA064D0-A366-4D2C-9621-BDF40DD42F6E}.Debug|x86.Build.0 = Debug|Any CPU
		{6DA064D0-A366-4D2C-9621-BDF40DD42F6E}.Release|Any CPU.ActiveCfg = Release|Any CPU
		{6DA064D0-A366-4D2C-9621-BDF40DD42F6E}.Release|Any CPU.Build.0 = Release|Any CPU
		{6DA064D0-A366-4D2C-9621-BDF40DD42F6E}.Release|x64.ActiveCfg = Release|Any CPU
		{6DA064D0-A366-4D2C-9621-BDF40DD42F6E}.Release|x64.Build.0 = Release|Any CPU
		{6DA064D0-A366-4D2C-9621-BDF40DD42F6E}.Release|x86.ActiveCfg = Release|Any CPU
		{6DA064D0-A366-4D2C-9621-BDF40DD42F6E}.Release|x86.Build.0 = Release|Any CPU
	EndGlobalSection
EndGlobal
